
Microsoft Visual Studio Solution File, Format Version 12.00
# Visual Studio Version 17
VisualStudioVersion = 17.7.34202.233
MinimumVisualStudioVersion = 10.0.40219.1
Project("{FAE04EC0-301F-11D3-BF4B-00C04F79EFBC}") = "Smirnovvvv", "Smirnovvvv\Smirnovvvv.csproj", "{F132F31B-D289-4627-9422-0C0ECF4D3B04}"
EndProject
Global
	GlobalSection(SolutionConfigurationPlatforms) = preSolution
		Debug|Any CPU = Debug|Any CPU
		Release|Any CPU = Release|Any CPU
	EndGlobalSection
	GlobalSection(ProjectConfigurationPlatforms) = postSolution
		{F132F31B-D289-4627-9422-0C0ECF4D3B04}.Debug|Any CPU.ActiveCfg = Debug|Any CPU
		{F132F31B-D289-4627-9422-0C0ECF4D3B04}.Debug|Any CPU.Build.0 = Debug|Any CPU
		{F132F31B-D289-4627-9422-0C0ECF4D3B04}.Release|Any CPU.ActiveCfg = Release|Any CPU
		{F132F31B-D289-4627-9422-0C0ECF4D3B04}.Release|Any CPU.Build.0 = Release|Any CPU
	EndGlobalSection
	GlobalSection(SolutionProperties) = preSolution
		HideSolutionNode = FALSE
	EndGlobalSection
	GlobalSection(ExtensibilityGlobals) = postSolution
		SolutionGuid = {52979D29-1F4B-42E8-9FA4-E8A104DF9360}
	EndGlobalSection
EndGlobal
